
Microsoft Visual Studio Solution File, Format Version 12.00
# Visual Studio Version 17
VisualStudioVersion = 17.11.35312.102
MinimumVisualStudioVersion = 10.0.40219.1
Project("{9A19103F-16F7-4668-BE54-9A1E7A4F7556}") = "OOP_WorkC#", "OOP_WorkC#\OOP_WorkC#.csproj", "{B6AA4B61-EE86-4D34-B1D4-DDB1F19F6776}"
EndProject
Project("{9A19103F-16F7-4668-BE54-9A1E7A4F7556}") = "ComplexNumbers", "ComplexNumbers\ComplexNumbers.csproj", "{AF7449A4-1FB4-4E2F-A73D-0F2948BE035D}"
EndProject
Project("{9A19103F-16F7-4668-BE54-9A1E7A4F7556}") = "Inheritance", "Inheritance\Inheritance.csproj", "{313435F5-C920-40F4-A2CA-4F8A6B830FE8}"
EndProject
Project("{9A19103F-16F7-4668-BE54-9A1E7A4F7556}") = "Matrix", "Matrix\Matrix.csproj", "{9843B439-B143-473A-8E4D-36246D78332A}"
EndProject
Project("{FAE04EC0-301F-11D3-BF4B-00C04F79EFBC}") = "Vectors", "Vectors\Vectors.csproj", "{32AE5AA5-0509-4105-BB3C-F178A10CA171}"
EndProject
Global
	GlobalSection(SolutionConfigurationPlatforms) = preSolution
		Debug|Any CPU = Debug|Any CPU
		Release|Any CPU = Release|Any CPU
	EndGlobalSection
	GlobalSection(ProjectConfigurationPlatforms) = postSolution
		{B6AA4B61-EE86-4D34-B1D4-DDB1F19F6776}.Debug|Any CPU.ActiveCfg = Debug|Any CPU
		{B6AA4B61-EE86-4D34-B1D4-DDB1F19F6776}.Debug|Any CPU.Build.0 = Debug|Any CPU
		{B6AA4B61-EE86-4D34-B1D4-DDB1F19F6776}.Release|Any CPU.ActiveCfg = Release|Any CPU
		{B6AA4B61-EE86-4D34-B1D4-DDB1F19F6776}.Release|Any CPU.Build.0 = Release|Any CPU
		{AF7449A4-1FB4-4E2F-A73D-0F2948BE035D}.Debug|Any CPU.ActiveCfg = Debug|Any CPU
		{AF7449A4-1FB4-4E2F-A73D-0F2948BE035D}.Debug|Any CPU.Build.0 = Debug|Any CPU
		{AF7449A4-1FB4-4E2F-A73D-0F2948BE035D}.Release|Any CPU.ActiveCfg = Release|Any CPU
		{AF7449A4-1FB4-4E2F-A73D-0F2948BE035D}.Release|Any CPU.Build.0 = Release|Any CPU
		{313435F5-C920-40F4-A2CA-4F8A6B830FE8}.Debug|Any CPU.ActiveCfg = Debug|Any CPU
		{313435F5-C920-40F4-A2CA-4F8A6B830FE8}.Debug|Any CPU.Build.0 = Debug|Any CPU
		{313435F5-C920-40F4-A2CA-4F8A6B830FE8}.Release|Any CPU.ActiveCfg = Release|Any CPU
		{313435F5-C920-40F4-A2CA-4F8A6B830FE8}.Release|Any CPU.Build.0 = Release|Any CPU
		{9843B439-B143-473A-8E4D-36246D78332A}.Debug|Any CPU.ActiveCfg = Debug|Any CPU
		{9843B439-B143-473A-8E4D-36246D78332A}.Debug|Any CPU.Build.0 = Debug|Any CPU
		{9843B439-B143-473A-8E4D-36246D78332A}.Release|Any CPU.ActiveCfg = Release|Any CPU
		{9843B439-B143-473A-8E4D-36246D78332A}.Release|Any CPU.Build.0 = Release|Any CPU
		{32AE5AA5-0509-4105-BB3C-F178A10CA171}.Debug|Any CPU.ActiveCfg = Debug|Any CPU
		{32AE5AA5-0509-4105-BB3C-F178A10CA171}.Debug|Any CPU.Build.0 = Debug|Any CPU
		{32AE5AA5-0509-4105-BB3C-F178A10CA171}.Release|Any CPU.ActiveCfg = Release|Any CPU
		{32AE5AA5-0509-4105-BB3C-F178A10CA171}.Release|Any CPU.Build.0 = Release|Any CPU
	EndGlobalSection
	GlobalSection(SolutionProperties) = preSolution
		HideSolutionNode = FALSE
	EndGlobalSection
	GlobalSection(ExtensibilityGlobals) = postSolution
		SolutionGuid = {C0D012C7-5349-4E36-8278-62A48172F6E0}
	EndGlobalSection
EndGlobal
